
Microsoft Visual Studio Solution File, Format Version 12.00
# Visual Studio Version 17
VisualStudioVersion = 17.8.34408.163
MinimumVisualStudioVersion = 10.0.40219.1
Project("{9A19103F-16F7-4668-BE54-9A1E7A4F7556}") = "NETUA2 FinalExam BackEnd", "NETUA2 FinalExam BackEnd.csproj", "{B14BBC08-07E8-4EA4-9B8A-739B80FD4BE0}"
EndProject
Project("{9A19103F-16F7-4668-BE54-9A1E7A4F7556}") = "FE BE. DATA", "..\FE BE. DATA\FE BE. DATA.csproj", "{8FDA80DF-9A1F-4883-99C7-37355FB10B36}"
EndProject
Project("{FAE04EC0-301F-11D3-BF4B-00C04F79EFBC}") = "FE BE. BUSINESS", "..\FE BE. BUSINESS\FE BE. BUSINESS.csproj", "{C75A51D1-40AA-4992-B334-99372B39C3C1}"
EndProject
Global
	GlobalSection(SolutionConfigurationPlatforms) = preSolution
		Debug|Any CPU = Debug|Any CPU
		Release|Any CPU = Release|Any CPU
	EndGlobalSection
	GlobalSection(ProjectConfigurationPlatforms) = postSolution
		{B14BBC08-07E8-4EA4-9B8A-739B80FD4BE0}.Debug|Any CPU.ActiveCfg = Debug|Any CPU
		{B14BBC08-07E8-4EA4-9B8A-739B80FD4BE0}.Debug|Any CPU.Build.0 = Debug|Any CPU
		{B14BBC08-07E8-4EA4-9B8A-739B80FD4BE0}.Release|Any CPU.ActiveCfg = Release|Any CPU
		{B14BBC08-07E8-4EA4-9B8A-739B80FD4BE0}.Release|Any CPU.Build.0 = Release|Any CPU
		{8FDA80DF-9A1F-4883-99C7-37355FB10B36}.Debug|Any CPU.ActiveCfg = Debug|Any CPU
		{8FDA80DF-9A1F-4883-99C7-37355FB10B36}.Debug|Any CPU.Build.0 = Debug|Any CPU
		{8FDA80DF-9A1F-4883-99C7-37355FB10B36}.Release|Any CPU.ActiveCfg = Release|Any CPU
		{8FDA80DF-9A1F-4883-99C7-37355FB10B36}.Release|Any CPU.Build.0 = Release|Any CPU
		{C75A51D1-40AA-4992-B334-99372B39C3C1}.Debug|Any CPU.ActiveCfg = Debug|Any CPU
		{C75A51D1-40AA-4992-B334-99372B39C3C1}.Debug|Any CPU.Build.0 = Debug|Any CPU
		{C75A51D1-40AA-4992-B334-99372B39C3C1}.Release|Any CPU.ActiveCfg = Release|Any CPU
		{C75A51D1-40AA-4992-B334-99372B39C3C1}.Release|Any CPU.Build.0 = Release|Any CPU
	EndGlobalSection
	GlobalSection(SolutionProperties) = preSolution
		HideSolutionNode = FALSE
	EndGlobalSection
	GlobalSection(ExtensibilityGlobals) = postSolution
		SolutionGuid = {6CFD932C-EEBD-44CA-8338-8BA35C03F08B}
	EndGlobalSection
EndGlobal
